
Microsoft Visual Studio Solution File, Format Version 12.00
# Visual Studio Version 17
VisualStudioVersion = 17.3.32825.248
MinimumVisualStudioVersion = 10.0.40219.1
Project("{FAE04EC0-301F-11D3-BF4B-00C04F79EFBC}") = "While", "While\While.csproj", "{724C05C1-0603-43EA-8F1F-92C21A4D1BC7}"
EndProject
Global
	GlobalSection(SolutionConfigurationPlatforms) = preSolution
		Debug|Any CPU = Debug|Any CPU
		Release|Any CPU = Release|Any CPU
	EndGlobalSection
	GlobalSection(ProjectConfigurationPlatforms) = postSolution
		{724C05C1-0603-43EA-8F1F-92C21A4D1BC7}.Debug|Any CPU.ActiveCfg = Debug|Any CPU
		{724C05C1-0603-43EA-8F1F-92C21A4D1BC7}.Debug|Any CPU.Build.0 = Debug|Any CPU
		{724C05C1-0603-43EA-8F1F-92C21A4D1BC7}.Release|Any CPU.ActiveCfg = Release|Any CPU
		{724C05C1-0603-43EA-8F1F-92C21A4D1BC7}.Release|Any CPU.Build.0 = Release|Any CPU
	EndGlobalSection
	GlobalSection(SolutionProperties) = preSolution
		HideSolutionNode = FALSE
	EndGlobalSection
	GlobalSection(ExtensibilityGlobals) = postSolution
		SolutionGuid = {82FF2908-2195-44A4-8BFC-2C44BBB91CD4}
	EndGlobalSection
EndGlobal
